{
  "nodes": {
    "nixpkgs": {
      "locked": {
        "lastModified": 1734531952,
        "narHash": "sha256-Yxk0fT4NDpljOWXLNkRV6mcWRXatAjZIhACIaDNFDkA=",
        "owner": "NixOS",
        "repo": "nixpkgs",
        "rev": "ca721fd526ca31de265d48d8a6aba52e20137585",
        "type": "github"
      },
      "original": {
        "owner": "NixOS",
        "repo": "nixpkgs",
        "type": "github"
      }
    },
    "root": {
      "inputs": {
        "nixpkgs": "nixpkgs"
      }
    }
  },
  "root": "root",
  "version": 7
}
