{
  "nodes": {
    "nixpkgs": {
      "locked": {
        "lastModified": 1741276114,
        "narHash": "sha256-gfJnhHv+QpjpRJ56BcxzjvkPN8BqnbAfxUQyqAAt1jM=",
        "owner": "NixOS",
        "repo": "nixpkgs",
        "rev": "f6ab6cbb81ae37f16cff07e8f71a7cb3eadf7a5c",
        "type": "github"
      },
      "original": {
        "owner": "NixOS",
        "repo": "nixpkgs",
        "type": "github"
      }
    },
    "root": {
      "inputs": {
        "nixpkgs": "nixpkgs"
      }
    }
  },
  "root": "root",
  "version": 7
}
